
Microsoft Visual Studio Solution File, Format Version 12.00
# Visual Studio Version 16
VisualStudioVersion = 16.0.31729.503
MinimumVisualStudioVersion = 10.0.40219.1
Project("{9A19103F-16F7-4668-BE54-9A1E7A4F7556}") = "TestNugetCore5", "TestNugetCore5\TestNugetCore5.csproj", "{FC797AE5-7A45-46A0-878A-77FDCDD3A229}"
EndProject
Project("{9A19103F-16F7-4668-BE54-9A1E7A4F7556}") = "Core", "ClassLibrary1\Core.csproj", "{70576CA6-8C38-401D-BE90-0CDBD447F3E0}"
EndProject
Project("{FAE04EC0-301F-11D3-BF4B-00C04F79EFBC}") = "Domain", "Domain\Domain.csproj", "{FDFB8C39-F694-4A70-9FFD-C418B6A5E7A6}"
EndProject
Project("{FAE04EC0-301F-11D3-BF4B-00C04F79EFBC}") = "Infastructure", "Infastructure\Infastructure.csproj", "{3BBF262A-06E8-4C88-8E5C-D83652E5A7FB}"
EndProject
Project("{FAE04EC0-301F-11D3-BF4B-00C04F79EFBC}") = "Services", "Services\Services.csproj", "{8FC739B3-2555-4AEC-A2C1-3ACFC8ABA3B7}"
EndProject
Global
	GlobalSection(SolutionConfigurationPlatforms) = preSolution
		Debug|Any CPU = Debug|Any CPU
		Release|Any CPU = Release|Any CPU
	EndGlobalSection
	GlobalSection(ProjectConfigurationPlatforms) = postSolution
		{FC797AE5-7A45-46A0-878A-77FDCDD3A229}.Debug|Any CPU.ActiveCfg = Debug|Any CPU
		{FC797AE5-7A45-46A0-878A-77FDCDD3A229}.Debug|Any CPU.Build.0 = Debug|Any CPU
		{FC797AE5-7A45-46A0-878A-77FDCDD3A229}.Release|Any CPU.ActiveCfg = Release|Any CPU
		{FC797AE5-7A45-46A0-878A-77FDCDD3A229}.Release|Any CPU.Build.0 = Release|Any CPU
		{70576CA6-8C38-401D-BE90-0CDBD447F3E0}.Debug|Any CPU.ActiveCfg = Debug|Any CPU
		{70576CA6-8C38-401D-BE90-0CDBD447F3E0}.Debug|Any CPU.Build.0 = Debug|Any CPU
		{70576CA6-8C38-401D-BE90-0CDBD447F3E0}.Release|Any CPU.ActiveCfg = Release|Any CPU
		{70576CA6-8C38-401D-BE90-0CDBD447F3E0}.Release|Any CPU.Build.0 = Release|Any CPU
		{FDFB8C39-F694-4A70-9FFD-C418B6A5E7A6}.Debug|Any CPU.ActiveCfg = Debug|Any CPU
		{FDFB8C39-F694-4A70-9FFD-C418B6A5E7A6}.Debug|Any CPU.Build.0 = Debug|Any CPU
		{FDFB8C39-F694-4A70-9FFD-C418B6A5E7A6}.Release|Any CPU.ActiveCfg = Release|Any CPU
		{FDFB8C39-F694-4A70-9FFD-C418B6A5E7A6}.Release|Any CPU.Build.0 = Release|Any CPU
		{3BBF262A-06E8-4C88-8E5C-D83652E5A7FB}.Debug|Any CPU.ActiveCfg = Debug|Any CPU
		{3BBF262A-06E8-4C88-8E5C-D83652E5A7FB}.Debug|Any CPU.Build.0 = Debug|Any CPU
		{3BBF262A-06E8-4C88-8E5C-D83652E5A7FB}.Release|Any CPU.ActiveCfg = Release|Any CPU
		{3BBF262A-06E8-4C88-8E5C-D83652E5A7FB}.Release|Any CPU.Build.0 = Release|Any CPU
		{8FC739B3-2555-4AEC-A2C1-3ACFC8ABA3B7}.Debug|Any CPU.ActiveCfg = Debug|Any CPU
		{8FC739B3-2555-4AEC-A2C1-3ACFC8ABA3B7}.Debug|Any CPU.Build.0 = Debug|Any CPU
		{8FC739B3-2555-4AEC-A2C1-3ACFC8ABA3B7}.Release|Any CPU.ActiveCfg = Release|Any CPU
		{8FC739B3-2555-4AEC-A2C1-3ACFC8ABA3B7}.Release|Any CPU.Build.0 = Release|Any CPU
	EndGlobalSection
	GlobalSection(SolutionProperties) = preSolution
		HideSolutionNode = FALSE
	EndGlobalSection
	GlobalSection(ExtensibilityGlobals) = postSolution
		SolutionGuid = {7149B81C-0CE5-44BB-900F-D16DE0571468}
	EndGlobalSection
EndGlobal
