
Microsoft Visual Studio Solution File, Format Version 12.00
# Visual Studio Version 16
VisualStudioVersion = 16.0.31729.503
MinimumVisualStudioVersion = 10.0.40219.1
Project("{9A19103F-16F7-4668-BE54-9A1E7A4F7556}") = "TestNugetCore5", "TestNugetCore5\TestNugetCore5.csproj", "{FC797AE5-7A45-46A0-878A-77FDCDD3A229}"
EndProject
Global
	GlobalSection(SolutionConfigurationPlatforms) = preSolution
		Debug|Any CPU = Debug|Any CPU
		Release|Any CPU = Release|Any CPU
	EndGlobalSection
	GlobalSection(ProjectConfigurationPlatforms) = postSolution
		{FC797AE5-7A45-46A0-878A-77FDCDD3A229}.Debug|Any CPU.ActiveCfg = Debug|Any CPU
		{FC797AE5-7A45-46A0-878A-77FDCDD3A229}.Debug|Any CPU.Build.0 = Debug|Any CPU
		{FC797AE5-7A45-46A0-878A-77FDCDD3A229}.Release|Any CPU.ActiveCfg = Release|Any CPU
		{FC797AE5-7A45-46A0-878A-77FDCDD3A229}.Release|Any CPU.Build.0 = Release|Any CPU
	EndGlobalSection
	GlobalSection(SolutionProperties) = preSolution
		HideSolutionNode = FALSE
	EndGlobalSection
	GlobalSection(ExtensibilityGlobals) = postSolution
		SolutionGuid = {7149B81C-0CE5-44BB-900F-D16DE0571468}
	EndGlobalSection
EndGlobal
